
Microsoft Visual Studio Solution File, Format Version 12.00
# Visual Studio Version 17
VisualStudioVersion = 17.0.31903.59
MinimumVisualStudioVersion = 10.0.40219.1
Project("{2150E333-8FDC-42A3-9474-1A3956D46DE8}") = "Estacionamento", "Estacionamento", "{3C6A0087-5DCF-67DC-2439-37807212EC13}"
EndProject
Project("{FAE04EC0-301F-11D3-BF4B-00C04F79EFBC}") = "estacionamento_dapper", "Estacionamento\estacionamento_dapper.csproj", "{D61635B1-22EE-47D6-9FEA-6A5D022C2B68}"
EndProject
Project("{FAE04EC0-301F-11D3-BF4B-00C04F79EFBC}") = "Testes", "Testes\Testes.csproj", "{B4C9562E-5150-45DB-8127-77DDA874993C}"
EndProject
Global
	GlobalSection(SolutionConfigurationPlatforms) = preSolution
		Debug|Any CPU = Debug|Any CPU
		Debug|x64 = Debug|x64
		Debug|x86 = Debug|x86
		Release|Any CPU = Release|Any CPU
		Release|x64 = Release|x64
		Release|x86 = Release|x86
	EndGlobalSection
	GlobalSection(ProjectConfigurationPlatforms) = postSolution
		{D61635B1-22EE-47D6-9FEA-6A5D022C2B68}.Debug|Any CPU.ActiveCfg = Debug|Any CPU
		{D61635B1-22EE-47D6-9FEA-6A5D022C2B68}.Debug|Any CPU.Build.0 = Debug|Any CPU
		{D61635B1-22EE-47D6-9FEA-6A5D022C2B68}.Debug|x64.ActiveCfg = Debug|Any CPU
		{D61635B1-22EE-47D6-9FEA-6A5D022C2B68}.Debug|x64.Build.0 = Debug|Any CPU
		{D61635B1-22EE-47D6-9FEA-6A5D022C2B68}.Debug|x86.ActiveCfg = Debug|Any CPU
		{D61635B1-22EE-47D6-9FEA-6A5D022C2B68}.Debug|x86.Build.0 = Debug|Any CPU
		{D61635B1-22EE-47D6-9FEA-6A5D022C2B68}.Release|Any CPU.ActiveCfg = Release|Any CPU
		{D61635B1-22EE-47D6-9FEA-6A5D022C2B68}.Release|Any CPU.Build.0 = Release|Any CPU
		{D61635B1-22EE-47D6-9FEA-6A5D022C2B68}.Release|x64.ActiveCfg = Release|Any CPU
		{D61635B1-22EE-47D6-9FEA-6A5D022C2B68}.Release|x64.Build.0 = Release|Any CPU
		{D61635B1-22EE-47D6-9FEA-6A5D022C2B68}.Release|x86.ActiveCfg = Release|Any CPU
		{D61635B1-22EE-47D6-9FEA-6A5D022C2B68}.Release|x86.Build.0 = Release|Any CPU
		{B4C9562E-5150-45DB-8127-77DDA874993C}.Debug|Any CPU.ActiveCfg = Debug|Any CPU
		{B4C9562E-5150-45DB-8127-77DDA874993C}.Debug|Any CPU.Build.0 = Debug|Any CPU
		{B4C9562E-5150-45DB-8127-77DDA874993C}.Debug|x64.ActiveCfg = Debug|Any CPU
		{B4C9562E-5150-45DB-8127-77DDA874993C}.Debug|x64.Build.0 = Debug|Any CPU
		{B4C9562E-5150-45DB-8127-77DDA874993C}.Debug|x86.ActiveCfg = Debug|Any CPU
		{B4C9562E-5150-45DB-8127-77DDA874993C}.Debug|x86.Build.0 = Debug|Any CPU
		{B4C9562E-5150-45DB-8127-77DDA874993C}.Release|Any CPU.ActiveCfg = Release|Any CPU
		{B4C9562E-5150-45DB-8127-77DDA874993C}.Release|Any CPU.Build.0 = Release|Any CPU
		{B4C9562E-5150-45DB-8127-77DDA874993C}.Release|x64.ActiveCfg = Release|Any CPU
		{B4C9562E-5150-45DB-8127-77DDA874993C}.Release|x64.Build.0 = Release|Any CPU
		{B4C9562E-5150-45DB-8127-77DDA874993C}.Release|x86.ActiveCfg = Release|Any CPU
		{B4C9562E-5150-45DB-8127-77DDA874993C}.Release|x86.Build.0 = Release|Any CPU
	EndGlobalSection
	GlobalSection(SolutionProperties) = preSolution
		HideSolutionNode = FALSE
	EndGlobalSection
	GlobalSection(NestedProjects) = preSolution
		{D61635B1-22EE-47D6-9FEA-6A5D022C2B68} = {3C6A0087-5DCF-67DC-2439-37807212EC13}
	EndGlobalSection
EndGlobal
